// !$*UTF8*$!
{
	archiveVersion = 1;
	classes = {
	};
	objectVersion = 50;
	objects = {

/* Begin PBXBuildFile section */
		40128605222F5D67005BFEB9 /* TestOneController.m in Sources */ = {isa = PBXBuildFile; fileRef = 40128604222F5D67005BFEB9 /* TestOneController.m */; };
		40F32123222E541300C1E4DD /* AppDelegate.m in Sources */ = {isa = PBXBuildFile; fileRef = 40F32122222E541300C1E4DD /* AppDelegate.m */; };
		40F32126222E541300C1E4DD /* ViewController.m in Sources */ = {isa = PBXBuildFile; fileRef = 40F32125222E541300C1E4DD /* ViewController.m */; };
		40F32129222E541300C1E4DD /* Main.storyboard in Resources */ = {isa = PBXBuildFile; fileRef = 40F32127222E541300C1E4DD /* Main.storyboard */; };
		40F3212B222E541400C1E4DD /* Assets.xcassets in Resources */ = {isa = PBXBuildFile; fileRef = 40F3212A222E541400C1E4DD /* Assets.xcassets */; };
		40F3212E222E541400C1E4DD /* LaunchScreen.storyboard in Resources */ = {isa = PBXBuildFile; fileRef = 40F3212C222E541400C1E4DD /* LaunchScreen.storyboard */; };
		40F32131222E541400C1E4DD /* main.m in Sources */ = {isa = PBXBuildFile; fileRef = 40F32130222E541400C1E4DD /* main.m */; };
		40F3213B222E541400C1E4DD /* TestProjectTests.m in Sources */ = {isa = PBXBuildFile; fileRef = 40F3213A222E541400C1E4DD /* TestProjectTests.m */; };
		40F32146222E541400C1E4DD /* TestProjectUITests.m in Sources */ = {isa = PBXBuildFile; fileRef = 40F32145222E541400C1E4DD /* TestProjectUITests.m */; };
/* End PBXBuildFile section */

/* Begin PBXContainerItemProxy section */
		40F32137222E541400C1E4DD /* PBXContainerItemProxy */ = {
			isa = PBXContainerItemProxy;
			containerPortal = 40F32116222E541200C1E4DD /* Project object */;
			proxyType = 1;
			remoteGlobalIDString = 40F3211D222E541300C1E4DD;
			remoteInfo = TestProject;
		};
		40F32142222E541400C1E4DD /* PBXContainerItemProxy */ = {
			isa = PBXContainerItemProxy;
			containerPortal = 40F32116222E541200C1E4DD /* Project object */;
			proxyType = 1;
			remoteGlobalIDString = 40F3211D222E541300C1E4DD;
			remoteInfo = TestProject;
		};
/* End PBXContainerItemProxy section */

/* Begin PBXFileReference section */
		40128603222F5D67005BFEB9 /* TestOneController.h */ = {isa = PBXFileReference; lastKnownFileType = sourcecode.c.h; path = TestOneController.h; sourceTree = "<group>"; };
		40128604222F5D67005BFEB9 /* TestOneController.m */ = {isa = PBXFileReference; lastKnownFileType = sourcecode.c.objc; path = TestOneController.m; sourceTree = "<group>"; };
		40F3211E222E541300C1E4DD /* TestProject.app */ = {isa = PBXFileReference; explicitFileType = wrapper.application; includeInIndex = 0; path = TestProject.app; sourceTree = BUILT_PRODUCTS_DIR; };
		40F32121222E541300C1E4DD /* AppDelegate.h */ = {isa = PBXFileReference; lastKnownFileType = sourcecode.c.h; path = AppDelegate.h; sourceTree = "<group>"; };
		40F32122222E541300C1E4DD /* AppDelegate.m */ = {isa = PBXFileReference; lastKnownFileType = sourcecode.c.objc; path = AppDelegate.m; sourceTree = "<group>"; };
		40F32124222E541300C1E4DD /* ViewController.h */ = {isa = PBXFileReference; lastKnownFileType = sourcecode.c.h; path = ViewController.h; sourceTree = "<group>"; };
		40F32125222E541300C1E4DD /* ViewController.m */ = {isa = PBXFileReference; lastKnownFileType = sourcecode.c.objc; path = ViewController.m; sourceTree = "<group>"; };
		40F32128222E541300C1E4DD /* Base */ = {isa = PBXFileReference; lastKnownFileType = file.storyboard; name = Base; path = Base.lproj/Main.storyboard; sourceTree = "<group>"; };
		40F3212A222E541400C1E4DD /* Assets.xcassets */ = {isa = PBXFileReference; lastKnownFileType = folder.assetcatalog; path = Assets.xcassets; sourceTree = "<group>"; };
		40F3212D222E541400C1E4DD /* Base */ = {isa = PBXFileReference; lastKnownFileType = file.storyboard; name = Base; path = Base.lproj/LaunchScreen.storyboard; sourceTree = "<group>"; };
		40F3212F222E541400C1E4DD /* Info.plist */ = {isa = PBXFileReference; lastKnownFileType = text.plist.xml; path = Info.plist; sourceTree = "<group>"; };
		40F32130222E541400C1E4DD /* main.m */ = {isa = PBXFileReference; lastKnownFileType = sourcecode.c.objc; path = main.m; sourceTree = "<group>"; };
		40F32136222E541400C1E4DD /* TestProjectTests.xctest */ = {isa = PBXFileReference; explicitFileType = wrapper.cfbundle; includeInIndex = 0; path = TestProjectTests.xctest; sourceTree = BUILT_PRODUCTS_DIR; };
		40F3213A222E541400C1E4DD /* TestProjectTests.m */ = {isa = PBXFileReference; lastKnownFileType = sourcecode.c.objc; path = TestProjectTests.m; sourceTree = "<group>"; };
		40F3213C222E541400C1E4DD /* Info.plist */ = {isa = PBXFileReference; lastKnownFileType = text.plist.xml; path = Info.plist; sourceTree = "<group>"; };
		40F32141222E541400C1E4DD /* TestProjectUITests.xctest */ = {isa = PBXFileReference; explicitFileType = wrapper.cfbundle; includeInIndex = 0; path = TestProjectUITests.xctest; sourceTree = BUILT_PRODUCTS_DIR; };
		40F32145222E541400C1E4DD /* TestProjectUITests.m */ = {isa = PBXFileReference; lastKnownFileType = sourcecode.c.objc; path = TestProjectUITests.m; sourceTree = "<group>"; };
		40F32147222E541400C1E4DD /* Info.plist */ = {isa = PBXFileReference; lastKnownFileType = text.plist.xml; path = Info.plist; sourceTree = "<group>"; };
/* End PBXFileReference section */

/* Begin PBXFrameworksBuildPhase section */
		40F3211B222E541300C1E4DD /* Frameworks */ = {
			isa = PBXFrameworksBuildPhase;
			buildActionMask = 2147483647;
			files = (
			);
			runOnlyForDeploymentPostprocessing = 0;
		};
		40F32133222E541400C1E4DD /* Frameworks */ = {
			isa = PBXFrameworksBuildPhase;
			buildActionMask = 2147483647;
			files = (
			);
			runOnlyForDeploymentPostprocessing = 0;
		};
		40F3213E222E541400C1E4DD /* Frameworks */ = {
			isa = PBXFrameworksBuildPhase;
			buildActionMask = 2147483647;
			files = (
			);
			runOnlyForDeploymentPostprocessing = 0;
		};
/* End PBXFrameworksBuildPhase section */

/* Begin PBXGroup section */
		40F32115222E541200C1E4DD = {
			isa = PBXGroup;
			children = (
				40F32120222E541300C1E4DD /* TestProject */,
				40F32139222E541400C1E4DD /* TestProjectTests */,
				40F32144222E541400C1E4DD /* TestProjectUITests */,
				40F3211F222E541300C1E4DD /* Products */,
			);
			sourceTree = "<group>";
		};
		40F3211F222E541300C1E4DD /* Products */ = {
			isa = PBXGroup;
			children = (
				40F3211E222E541300C1E4DD /* TestProject.app */,
				40F32136222E541400C1E4DD /* TestProjectTests.xctest */,
				40F32141222E541400C1E4DD /* TestProjectUITests.xctest */,
			);
			name = Products;
			sourceTree = "<group>";
		};
		40F32120222E541300C1E4DD /* TestProject */ = {
			isa = PBXGroup;
			children = (
				40F32121222E541300C1E4DD /* AppDelegate.h */,
				40F32122222E541300C1E4DD /* AppDelegate.m */,
				40F32124222E541300C1E4DD /* ViewController.h */,
				40F32125222E541300C1E4DD /* ViewController.m */,
				40F32127222E541300C1E4DD /* Main.storyboard */,
				40F3212A222E541400C1E4DD /* Assets.xcassets */,
				40F3212C222E541400C1E4DD /* LaunchScreen.storyboard */,
				40F3212F222E541400C1E4DD /* Info.plist */,
				40F32130222E541400C1E4DD /* main.m */,
				40128603222F5D67005BFEB9 /* TestOneController.h */,
				40128604222F5D67005BFEB9 /* TestOneController.m */,
			);
			path = TestProject;
			sourceTree = "<group>";
		};
		40F32139222E541400C1E4DD /* TestProjectTests */ = {
			isa = PBXGroup;
			children = (
				40F3213A222E541400C1E4DD /* TestProjectTests.m */,
				40F3213C222E541400C1E4DD /* Info.plist */,
			);
			path = TestProjectTests;
			sourceTree = "<group>";
		};
		40F32144222E541400C1E4DD /* TestProjectUITests */ = {
			isa = PBXGroup;
			children = (
				40F32145222E541400C1E4DD /* TestProjectUITests.m */,
				40F32147222E541400C1E4DD /* Info.plist */,
			);
			path = TestProjectUITests;
			sourceTree = "<group>";
		};
/* End PBXGroup section */

/* Begin PBXNativeTarget section */
		40F3211D222E541300C1E4DD /* TestProject */ = {
			isa = PBXNativeTarget;
			buildConfigurationList = 40F3214A222E541400C1E4DD /* Build configuration list for PBXNativeTarget "TestProject" */;
			buildPhases = (
				40F3211A222E541300C1E4DD /* Sources */,
				40F3211B222E541300C1E4DD /* Frameworks */,
				40F3211C222E541300C1E4DD /* Resources */,
			);
			buildRules = (
			);
			dependencies = (
			);
			name = TestProject;
			productName = TestProject;
			productReference = 40F3211E222E541300C1E4DD /* TestProject.app */;
			productType = "com.apple.product-type.application";
		};
		40F32135222E541400C1E4DD /* TestProjectTests */ = {
			isa = PBXNativeTarget;
			buildConfigurationList = 40F3214D222E541400C1E4DD /* Build configuration list for PBXNativeTarget "TestProjectTests" */;
			buildPhases = (
				40F32132222E541400C1E4DD /* Sources */,
				40F32133222E541400C1E4DD /* Frameworks */,
				40F32134222E541400C1E4DD /* Resources */,
			);
			buildRules = (
			);
			dependencies = (
				40F32138222E541400C1E4DD /* PBXTargetDependency */,
			);
			name = TestProjectTests;
			productName = TestProjectTests;
			productReference = 40F32136222E541400C1E4DD /* TestProjectTests.xctest */;
			productType = "com.apple.product-type.bundle.unit-test";
		};
		40F32140222E541400C1E4DD /* TestProjectUITests */ = {
			isa = PBXNativeTarget;
			buildConfigurationList = 40F32150222E541400C1E4DD /* Build configuration list for PBXNativeTarget "TestProjectUITests" */;
			buildPhases = (
				40F3213D222E541400C1E4DD /* Sources */,
				40F3213E222E541400C1E4DD /* Frameworks */,
				40F3213F222E541400C1E4DD /* Resources */,
			);
			buildRules = (
			);
			dependencies = (
				40F32143222E541400C1E4DD /* PBXTargetDependency */,
			);
			name = TestProjectUITests;
			productName = TestProjectUITests;
			productReference = 40F32141222E541400C1E4DD /* TestProjectUITests.xctest */;
			productType = "com.apple.product-type.bundle.ui-testing";
		};
/* End PBXNativeTarget section */

/* Begin PBXProject section */
		40F32116222E541200C1E4DD /* Project object */ = {
			isa = PBXProject;
			attributes = {
				LastUpgradeCheck = 1010;
				ORGANIZATIONNAME = "Hui Zhou";
				TargetAttributes = {
					40F3211D222E541300C1E4DD = {
						CreatedOnToolsVersion = 10.1;
					};
					40F32135222E541400C1E4DD = {
						CreatedOnToolsVersion = 10.1;
						TestTargetID = 40F3211D222E541300C1E4DD;
					};
					40F32140222E541400C1E4DD = {
						CreatedOnToolsVersion = 10.1;
						TestTargetID = 40F3211D222E541300C1E4DD;
					};
				};
			};
			buildConfigurationList = 40F32119222E541200C1E4DD /* Build configuration list for PBXProject "TestProject" */;
			compatibilityVersion = "Xcode 9.3";
			developmentRegion = en;
			hasScannedForEncodings = 0;
			knownRegions = (
				en,
				Base,
			);
			mainGroup = 40F32115222E541200C1E4DD;
			productRefGroup = 40F3211F222E541300C1E4DD /* Products */;
			projectDirPath = "";
			projectRoot = "";
			targets = (
				40F3211D222E541300C1E4DD /* TestProject */,
				40F32135222E541400C1E4DD /* TestProjectTests */,
				40F32140222E541400C1E4DD /* TestProjectUITests */,
			);
		};
/* End PBXProject section */

/* Begin PBXResourcesBuildPhase section */
		40F3211C222E541300C1E4DD /* Resources */ = {
			isa = PBXResourcesBuildPhase;
			buildActionMask = 2147483647;
			files = (
				40F3212E222E541400C1E4DD /* LaunchScreen.storyboard in Resources */,
				40F3212B222E541400C1E4DD /* Assets.xcassets in Resources */,
				40F32129222E541300C1E4DD /* Main.storyboard in Resources */,
			);
			runOnlyForDeploymentPostprocessing = 0;
		};
		40F32134222E541400C1E4DD /* Resources */ = {
			isa = PBXResourcesBuildPhase;
			buildActionMask = 2147483647;
			files = (
			);
			runOnlyForDeploymentPostprocessing = 0;
		};
		40F3213F222E541400C1E4DD /* Resources */ = {
			isa = PBXResourcesBuildPhase;
			buildActionMask = 2147483647;
			files = (
			);
			runOnlyForDeploymentPostprocessing = 0;
		};
/* End PBXResourcesBuildPhase section */

/* Begin PBXSourcesBuildPhase section */
		40F3211A222E541300C1E4DD /* Sources */ = {
			isa = PBXSourcesBuildPhase;
			buildActionMask = 2147483647;
			files = (
				40128605222F5D67005BFEB9 /* TestOneController.m in Sources */,
				40F32126222E541300C1E4DD /* ViewController.m in Sources */,
				40F32131222E541400C1E4DD /* main.m in Sources */,
				40F32123222E541300C1E4DD /* AppDelegate.m in Sources */,
			);
			runOnlyForDeploymentPostprocessing = 0;
		};
		40F32132222E541400C1E4DD /* Sources */ = {
			isa = PBXSourcesBuildPhase;
			buildActionMask = 2147483647;
			files = (
				40F3213B222E541400C1E4DD /* TestProjectTests.m in Sources */,
			);
			runOnlyForDeploymentPostprocessing = 0;
		};
		40F3213D222E541400C1E4DD /* Sources */ = {
			isa = PBXSourcesBuildPhase;
			buildActionMask = 2147483647;
			files = (
				40F32146222E541400C1E4DD /* TestProjectUITests.m in Sources */,
			);
			runOnlyForDeploymentPostprocessing = 0;
		};
/* End PBXSourcesBuildPhase section */

/* Begin PBXTargetDependency section */
		40F32138222E541400C1E4DD /* PBXTargetDependency */ = {
			isa = PBXTargetDependency;
			target = 40F3211D222E541300C1E4DD /* TestProject */;
			targetProxy = 40F32137222E541400C1E4DD /* PBXContainerItemProxy */;
		};
		40F32143222E541400C1E4DD /* PBXTargetDependency */ = {
			isa = PBXTargetDependency;
			target = 40F3211D222E541300C1E4DD /* TestProject */;
			targetProxy = 40F32142222E541400C1E4DD /* PBXContainerItemProxy */;
		};
/* End PBXTargetDependency section */

/* Begin PBXVariantGroup section */
		40F32127222E541300C1E4DD /* Main.storyboard */ = {
			isa = PBXVariantGroup;
			children = (
				40F32128222E541300C1E4DD /* Base */,
			);
			name = Main.storyboard;
			sourceTree = "<group>";
		};
		40F3212C222E541400C1E4DD /* LaunchScreen.storyboard */ = {
			isa = PBXVariantGroup;
			children = (
				40F3212D222E541400C1E4DD /* Base */,
			);
			name = LaunchScreen.storyboard;
			sourceTree = "<group>";
		};
/* End PBXVariantGroup section */

/* Begin XCBuildConfiguration section */
		40F32148222E541400C1E4DD /* Debug */ = {
			isa = XCBuildConfiguration;
			buildSettings = {
				ALWAYS_SEARCH_USER_PATHS = NO;
				CLANG_ANALYZER_NONNULL = YES;
				CLANG_ANALYZER_NUMBER_OBJECT_CONVERSION = YES_AGGRESSIVE;
				CLANG_CXX_LANGUAGE_STANDARD = "gnu++14";
				CLANG_CXX_LIBRARY = "libc++";
				CLANG_ENABLE_MODULES = YES;
				CLANG_ENABLE_OBJC_ARC = YES;
				CLANG_ENABLE_OBJC_WEAK = YES;
				CLANG_WARN_BLOCK_CAPTURE_AUTORELEASING = YES;
				CLANG_WARN_BOOL_CONVERSION = YES;
				CLANG_WARN_COMMA = YES;
				CLANG_WARN_CONSTANT_CONVERSION = YES;
				CLANG_WARN_DEPRECATED_OBJC_IMPLEMENTATIONS = YES;
				CLANG_WARN_DIRECT_OBJC_ISA_USAGE = YES_ERROR;
				CLANG_WARN_DOCUMENTATION_COMMENTS = YES;
				CLANG_WARN_EMPTY_BODY = YES;
				CLANG_WARN_ENUM_CONVERSION = YES;
				CLANG_WARN_INFINITE_RECURSION = YES;
				CLANG_WARN_INT_CONVERSION = YES;
				CLANG_WARN_NON_LITERAL_NULL_CONVERSION = YES;
				CLANG_WARN_OBJC_IMPLICIT_RETAIN_SELF = YES;
				CLANG_WARN_OBJC_LITERAL_CONVERSION = YES;
				CLANG_WARN_OBJC_ROOT_CLASS = YES_ERROR;
				CLANG_WARN_RANGE_LOOP_ANALYSIS = YES;
				CLANG_WARN_STRICT_PROTOTYPES = YES;
				CLANG_WARN_SUSPICIOUS_MOVE = YES;
				CLANG_WARN_UNGUARDED_AVAILABILITY = YES_AGGRESSIVE;
				CLANG_WARN_UNREACHABLE_CODE = YES;
				CLANG_WARN__DUPLICATE_METHOD_MATCH = YES;
				CODE_SIGN_IDENTITY = "iPhone Developer";
				COPY_PHASE_STRIP = NO;
				DEBUG_INFORMATION_FORMAT = dwarf;
				ENABLE_STRICT_OBJC_MSGSEND = YES;
				ENABLE_TESTABILITY = YES;
				GCC_C_LANGUAGE_STANDARD = gnu11;
				GCC_DYNAMIC_NO_PIC = NO;
				GCC_NO_COMMON_BLOCKS = YES;
				GCC_OPTIMIZATION_LEVEL = 0;
				GCC_PREPROCESSOR_DEFINITIONS = (
					"DEBUG=1",
					"$(inherited)",
				);
				GCC_WARN_64_TO_32_BIT_CONVERSION = YES;
				GCC_WARN_ABOUT_RETURN_TYPE = YES_ERROR;
				GCC_WARN_UNDECLARED_SELECTOR = YES;
				GCC_WARN_UNINITIALIZED_AUTOS = YES_AGGRESSIVE;
				GCC_WARN_UNUSED_FUNCTION = YES;
				GCC_WARN_UNUSED_VARIABLE = YES;
				IPHONEOS_DEPLOYMENT_TARGET = 12.1;
				MTL_ENABLE_DEBUG_INFO = INCLUDE_SOURCE;
				MTL_FAST_MATH = YES;
				ONLY_ACTIVE_ARCH = YES;
				SDKROOT = iphoneos;
			};
			name = Debug;
		};
		40F32149222E541400C1E4DD /* Release */ = {
			isa = XCBuildConfiguration;
			buildSettings = {
				ALWAYS_SEARCH_USER_PATHS = NO;
				CLANG_ANALYZER_NONNULL = YES;
				CLANG_ANALYZER_NUMBER_OBJECT_CONVERSION = YES_AGGRESSIVE;
				CLANG_CXX_LANGUAGE_STANDARD = "gnu++14";
				CLANG_CXX_LIBRARY = "libc++";
				CLANG_ENABLE_MODULES = YES;
				CLANG_ENABLE_OBJC_ARC = YES;
				CLANG_ENABLE_OBJC_WEAK = YES;
				CLANG_WARN_BLOCK_CAPTURE_AUTORELEASING = YES;
				CLANG_WARN_BOOL_CONVERSION = YES;
				CLANG_WARN_COMMA = YES;
				CLANG_WARN_CONSTANT_CONVERSION = YES;
				CLANG_WARN_DEPRECATED_OBJC_IMPLEMENTATIONS = YES;
				CLANG_WARN_DIRECT_OBJC_ISA_USAGE = YES_ERROR;
				CLANG_WARN_DOCUMENTATION_COMMENTS = YES;
				CLANG_WARN_EMPTY_BODY = YES;
				CLANG_WARN_ENUM_CONVERSION = YES;
				CLANG_WARN_INFINITE_RECURSION = YES;
				CLANG_WARN_INT_CONVERSION = YES;
				CLANG_WARN_NON_LITERAL_NULL_CONVERSION = YES;
				CLANG_WARN_OBJC_IMPLICIT_RETAIN_SELF = YES;
				CLANG_WARN_OBJC_LITERAL_CONVERSION = YES;
				CLANG_WARN_OBJC_ROOT_CLASS = YES_ERROR;
				CLANG_WARN_RANGE_LOOP_ANALYSIS = YES;
				CLANG_WARN_STRICT_PROTOTYPES = YES;
				CLANG_WARN_SUSPICIOUS_MOVE = YES;
				CLANG_WARN_UNGUARDED_AVAILABILITY = YES_AGGRESSIVE;
				CLANG_WARN_UNREACHABLE_CODE = YES;
				CLANG_WARN__DUPLICATE_METHOD_MATCH = YES;
				CODE_SIGN_IDENTITY = "iPhone Developer";
				COPY_PHASE_STRIP = NO;
				DEBUG_INFORMATION_FORMAT = "dwarf-with-dsym";
				ENABLE_NS_ASSERTIONS = NO;
				ENABLE_STRICT_OBJC_MSGSEND = YES;
				GCC_C_LANGUAGE_STANDARD = gnu11;
				GCC_NO_COMMON_BLOCKS = YES;
				GCC_WARN_64_TO_32_BIT_CONVERSION = YES;
				GCC_WARN_ABOUT_RETURN_TYPE = YES_ERROR;
				GCC_WARN_UNDECLARED_SELECTOR = YES;
				GCC_WARN_UNINITIALIZED_AUTOS = YES_AGGRESSIVE;
				GCC_WARN_UNUSED_FUNCTION = YES;
				GCC_WARN_UNUSED_VARIABLE = YES;
				IPHONEOS_DEPLOYMENT_TARGET = 12.1;
				MTL_ENABLE_DEBUG_INFO = NO;
				MTL_FAST_MATH = YES;
				SDKROOT = iphoneos;
				VALIDATE_PRODUCT = YES;
			};
			name = Release;
		};
		40F3214B222E541400C1E4DD /* Debug */ = {
			isa = XCBuildConfiguration;
			buildSettings = {
				ASSETCATALOG_COMPILER_APPICON_NAME = AppIcon;
				CODE_SIGN_STYLE = Automatic;
				INFOPLIST_FILE = TestProject/Info.plist;
				LD_RUNPATH_SEARCH_PATHS = (
					"$(inherited)",
					"@executable_path/Frameworks",
				);
				PRODUCT_BUNDLE_IDENTIFIER = a.TestProject;
				PRODUCT_NAME = "$(TARGET_NAME)";
				TARGETED_DEVICE_FAMILY = "1,2";
			};
			name = Debug;
		};
		40F3214C222E541400C1E4DD /* Release */ = {
			isa = XCBuildConfiguration;
			buildSettings = {
				ASSETCATALOG_COMPILER_APPICON_NAME = AppIcon;
				CODE_SIGN_STYLE = Automatic;
				INFOPLIST_FILE = TestProject/Info.plist;
				LD_RUNPATH_SEARCH_PATHS = (
					"$(inherited)",
					"@executable_path/Frameworks",
				);
				PRODUCT_BUNDLE_IDENTIFIER = a.TestProject;
				PRODUCT_NAME = "$(TARGET_NAME)";
				TARGETED_DEVICE_FAMILY = "1,2";
			};
			name = Release;
		};
		40F3214E222E541400C1E4DD /* Debug */ = {
			isa = XCBuildConfiguration;
			buildSettings = {
				BUNDLE_LOADER = "$(TEST_HOST)";
				CODE_SIGN_STYLE = Automatic;
				INFOPLIST_FILE = TestProjectTests/Info.plist;
				LD_RUNPATH_SEARCH_PATHS = (
					"$(inherited)",
					"@executable_path/Frameworks",
					"@loader_path/Frameworks",
				);
				PRODUCT_BUNDLE_IDENTIFIER = a.TestProjectTests;
				PRODUCT_NAME = "$(TARGET_NAME)";
				TARGETED_DEVICE_FAMILY = "1,2";
				TEST_HOST = "$(BUILT_PRODUCTS_DIR)/TestProject.app/TestProject";
			};
			name = Debug;
		};
		40F3214F222E541400C1E4DD /* Release */ = {
			isa = XCBuildConfiguration;
			buildSettings = {
				BUNDLE_LOADER = "$(TEST_HOST)";
				CODE_SIGN_STYLE = Automatic;
				INFOPLIST_FILE = TestProjectTests/Info.plist;
				LD_RUNPATH_SEARCH_PATHS = (
					"$(inherited)",
					"@executable_path/Frameworks",
					"@loader_path/Frameworks",
				);
				PRODUCT_BUNDLE_IDENTIFIER = a.TestProjectTests;
				PRODUCT_NAME = "$(TARGET_NAME)";
				TARGETED_DEVICE_FAMILY = "1,2";
				TEST_HOST = "$(BUILT_PRODUCTS_DIR)/TestProject.app/TestProject";
			};
			name = Release;
		};
		40F32151222E541400C1E4DD /* Debug */ = {
			isa = XCBuildConfiguration;
			buildSettings = {
				CODE_SIGN_STYLE = Automatic;
				INFOPLIST_FILE = TestProjectUITests/Info.plist;
				LD_RUNPATH_SEARCH_PATHS = (
					"$(inherited)",
					"@executable_path/Frameworks",
					"@loader_path/Frameworks",
				);
				PRODUCT_BUNDLE_IDENTIFIER = a.TestProjectUITests;
				PRODUCT_NAME = "$(TARGET_NAME)";
				TARGETED_DEVICE_FAMILY = "1,2";
				TEST_TARGET_NAME = TestProject;
			};
			name = Debug;
		};
		40F32152222E541400C1E4DD /* Release */ = {
			isa = XCBuildConfiguration;
			buildSettings = {
				CODE_SIGN_STYLE = Automatic;
				INFOPLIST_FILE = TestProjectUITests/Info.plist;
				LD_RUNPATH_SEARCH_PATHS = (
					"$(inherited)",
					"@executable_path/Frameworks",
					"@loader_path/Frameworks",
				);
				PRODUCT_BUNDLE_IDENTIFIER = a.TestProjectUITests;
				PRODUCT_NAME = "$(TARGET_NAME)";
				TARGETED_DEVICE_FAMILY = "1,2";
				TEST_TARGET_NAME = TestProject;
			};
			name = Release;
		};
/* End XCBuildConfiguration section */

/* Begin XCConfigurationList section */
		40F32119222E541200C1E4DD /* Build configuration list for PBXProject "TestProject" */ = {
			isa = XCConfigurationList;
			buildConfigurations = (
				40F32148222E541400C1E4DD /* Debug */,
				40F32149222E541400C1E4DD /* Release */,
			);
			defaultConfigurationIsVisible = 0;
			defaultConfigurationName = Release;
		};
		40F3214A222E541400C1E4DD /* Build configuration list for PBXNativeTarget "TestProject" */ = {
			isa = XCConfigurationList;
			buildConfigurations = (
				40F3214B222E541400C1E4DD /* Debug */,
				40F3214C222E541400C1E4DD /* Release */,
			);
			defaultConfigurationIsVisible = 0;
			defaultConfigurationName = Release;
		};
		40F3214D222E541400C1E4DD /* Build configuration list for PBXNativeTarget "TestProjectTests" */ = {
			isa = XCConfigurationList;
			buildConfigurations = (
				40F3214E222E541400C1E4DD /* Debug */,
				40F3214F222E541400C1E4DD /* Release */,
			);
			defaultConfigurationIsVisible = 0;
			defaultConfigurationName = Release;
		};
		40F32150222E541400C1E4DD /* Build configuration list for PBXNativeTarget "TestProjectUITests" */ = {
			isa = XCConfigurationList;
			buildConfigurations = (
				40F32151222E541400C1E4DD /* Debug */,
				40F32152222E541400C1E4DD /* Release */,
			);
			defaultConfigurationIsVisible = 0;
			defaultConfigurationName = Release;
		};
/* End XCConfigurationList section */
	};
	rootObject = 40F32116222E541200C1E4DD /* Project object */;
}
